
Microsoft Visual Studio Solution File, Format Version 12.00
# Visual Studio Version 17
VisualStudioVersion = 17.5.2.0
MinimumVisualStudioVersion = 10.0.40219.1
Project("{FAE04EC0-301F-11D3-BF4B-00C04F79EFBC}") = "enum", "enum\enum.csproj", "{8B912DE8-B833-018A-7F42-9DA849DB8D84}"
EndProject
Project("{FAE04EC0-301F-11D3-BF4B-00C04F79EFBC}") = "HRLibrary", "HRLibrary\HRLibrary.csproj", "{4271410A-485E-2563-C59E-68AEECFEF020}"
EndProject
Project("{FAE04EC0-301F-11D3-BF4B-00C04F79EFBC}") = "HospitalApp", "HospitalApp\HospitalApp.csproj", "{9DDFD46E-48D8-695B-C12C-EB55F92F65CB}"
EndProject
Project("{2150E333-8FDC-42A3-9474-1A3956D46DE8}") = "Form1", "Form1", "{21E6D55D-17E8-C898-0740-65C7A958953A}"
EndProject
Project("{FAE04EC0-301F-11D3-BF4B-00C04F79EFBC}") = "Form1", "Form1\Form1\Form1.csproj", "{7FCE3B4F-C367-462D-9117-A70E6DFB1170}"
EndProject
Project("{FAE04EC0-301F-11D3-BF4B-00C04F79EFBC}") = "Form1.Android", "Form1\Form1.Android\Form1.Android.csproj", "{410F546F-6589-4170-A6E7-D197B4CC9A2B}"
EndProject
Project("{FAE04EC0-301F-11D3-BF4B-00C04F79EFBC}") = "Form1.Desktop", "Form1\Form1.Desktop\Form1.Desktop.csproj", "{689D9B42-EBF7-4A68-91BB-258EC56F3C3C}"
EndProject
Project("{FAE04EC0-301F-11D3-BF4B-00C04F79EFBC}") = "Form1.iOS", "Form1\Form1.iOS\Form1.iOS.csproj", "{D2A31799-2232-4DEE-B322-E104CE666123}"
EndProject
Project("{FAE04EC0-301F-11D3-BF4B-00C04F79EFBC}") = "Form1.Browser", "Form1\Form1.Browser\Form1.Browser.csproj", "{60667949-BE97-4FFC-80AF-A5D31DCAF5FB}"
EndProject
Global
	GlobalSection(SolutionConfigurationPlatforms) = preSolution
		Debug|Any CPU = Debug|Any CPU
		Debug|x64 = Debug|x64
		Debug|x86 = Debug|x86
		Release|Any CPU = Release|Any CPU
		Release|x64 = Release|x64
		Release|x86 = Release|x86
	EndGlobalSection
	GlobalSection(ProjectConfigurationPlatforms) = postSolution
		{8B912DE8-B833-018A-7F42-9DA849DB8D84}.Debug|Any CPU.ActiveCfg = Debug|Any CPU
		{8B912DE8-B833-018A-7F42-9DA849DB8D84}.Debug|Any CPU.Build.0 = Debug|Any CPU
		{8B912DE8-B833-018A-7F42-9DA849DB8D84}.Debug|x64.ActiveCfg = Debug|Any CPU
		{8B912DE8-B833-018A-7F42-9DA849DB8D84}.Debug|x64.Build.0 = Debug|Any CPU
		{8B912DE8-B833-018A-7F42-9DA849DB8D84}.Debug|x86.ActiveCfg = Debug|Any CPU
		{8B912DE8-B833-018A-7F42-9DA849DB8D84}.Debug|x86.Build.0 = Debug|Any CPU
		{8B912DE8-B833-018A-7F42-9DA849DB8D84}.Release|Any CPU.ActiveCfg = Release|Any CPU
		{8B912DE8-B833-018A-7F42-9DA849DB8D84}.Release|Any CPU.Build.0 = Release|Any CPU
		{8B912DE8-B833-018A-7F42-9DA849DB8D84}.Release|x64.ActiveCfg = Release|Any CPU
		{8B912DE8-B833-018A-7F42-9DA849DB8D84}.Release|x64.Build.0 = Release|Any CPU
		{8B912DE8-B833-018A-7F42-9DA849DB8D84}.Release|x86.ActiveCfg = Release|Any CPU
		{8B912DE8-B833-018A-7F42-9DA849DB8D84}.Release|x86.Build.0 = Release|Any CPU
		{4271410A-485E-2563-C59E-68AEECFEF020}.Debug|Any CPU.ActiveCfg = Debug|Any CPU
		{4271410A-485E-2563-C59E-68AEECFEF020}.Debug|Any CPU.Build.0 = Debug|Any CPU
		{4271410A-485E-2563-C59E-68AEECFEF020}.Debug|x64.ActiveCfg = Debug|Any CPU
		{4271410A-485E-2563-C59E-68AEECFEF020}.Debug|x64.Build.0 = Debug|Any CPU
		{4271410A-485E-2563-C59E-68AEECFEF020}.Debug|x86.ActiveCfg = Debug|Any CPU
		{4271410A-485E-2563-C59E-68AEECFEF020}.Debug|x86.Build.0 = Debug|Any CPU
		{4271410A-485E-2563-C59E-68AEECFEF020}.Release|Any CPU.ActiveCfg = Release|Any CPU
		{4271410A-485E-2563-C59E-68AEECFEF020}.Release|Any CPU.Build.0 = Release|Any CPU
		{4271410A-485E-2563-C59E-68AEECFEF020}.Release|x64.ActiveCfg = Release|Any CPU
		{4271410A-485E-2563-C59E-68AEECFEF020}.Release|x64.Build.0 = Release|Any CPU
		{4271410A-485E-2563-C59E-68AEECFEF020}.Release|x86.ActiveCfg = Release|Any CPU
		{4271410A-485E-2563-C59E-68AEECFEF020}.Release|x86.Build.0 = Release|Any CPU
		{9DDFD46E-48D8-695B-C12C-EB55F92F65CB}.Debug|Any CPU.ActiveCfg = Debug|Any CPU
		{9DDFD46E-48D8-695B-C12C-EB55F92F65CB}.Debug|Any CPU.Build.0 = Debug|Any CPU
		{9DDFD46E-48D8-695B-C12C-EB55F92F65CB}.Debug|x64.ActiveCfg = Debug|Any CPU
		{9DDFD46E-48D8-695B-C12C-EB55F92F65CB}.Debug|x64.Build.0 = Debug|Any CPU
		{9DDFD46E-48D8-695B-C12C-EB55F92F65CB}.Debug|x86.ActiveCfg = Debug|Any CPU
		{9DDFD46E-48D8-695B-C12C-EB55F92F65CB}.Debug|x86.Build.0 = Debug|Any CPU
		{9DDFD46E-48D8-695B-C12C-EB55F92F65CB}.Release|Any CPU.ActiveCfg = Release|Any CPU
		{9DDFD46E-48D8-695B-C12C-EB55F92F65CB}.Release|Any CPU.Build.0 = Release|Any CPU
		{9DDFD46E-48D8-695B-C12C-EB55F92F65CB}.Release|x64.ActiveCfg = Release|Any CPU
		{9DDFD46E-48D8-695B-C12C-EB55F92F65CB}.Release|x64.Build.0 = Release|Any CPU
		{9DDFD46E-48D8-695B-C12C-EB55F92F65CB}.Release|x86.ActiveCfg = Release|Any CPU
		{9DDFD46E-48D8-695B-C12C-EB55F92F65CB}.Release|x86.Build.0 = Release|Any CPU
		{7FCE3B4F-C367-462D-9117-A70E6DFB1170}.Debug|Any CPU.ActiveCfg = Debug|Any CPU
		{7FCE3B4F-C367-462D-9117-A70E6DFB1170}.Debug|Any CPU.Build.0 = Debug|Any CPU
		{7FCE3B4F-C367-462D-9117-A70E6DFB1170}.Debug|x64.ActiveCfg = Debug|Any CPU
		{7FCE3B4F-C367-462D-9117-A70E6DFB1170}.Debug|x64.Build.0 = Debug|Any CPU
		{7FCE3B4F-C367-462D-9117-A70E6DFB1170}.Debug|x86.ActiveCfg = Debug|Any CPU
		{7FCE3B4F-C367-462D-9117-A70E6DFB1170}.Debug|x86.Build.0 = Debug|Any CPU
		{7FCE3B4F-C367-462D-9117-A70E6DFB1170}.Release|Any CPU.ActiveCfg = Release|Any CPU
		{7FCE3B4F-C367-462D-9117-A70E6DFB1170}.Release|Any CPU.Build.0 = Release|Any CPU
		{7FCE3B4F-C367-462D-9117-A70E6DFB1170}.Release|x64.ActiveCfg = Release|Any CPU
		{7FCE3B4F-C367-462D-9117-A70E6DFB1170}.Release|x64.Build.0 = Release|Any CPU
		{7FCE3B4F-C367-462D-9117-A70E6DFB1170}.Release|x86.ActiveCfg = Release|Any CPU
		{7FCE3B4F-C367-462D-9117-A70E6DFB1170}.Release|x86.Build.0 = Release|Any CPU
		{410F546F-6589-4170-A6E7-D197B4CC9A2B}.Debug|Any CPU.ActiveCfg = Debug|Any CPU
		{410F546F-6589-4170-A6E7-D197B4CC9A2B}.Debug|Any CPU.Build.0 = Debug|Any CPU
		{410F546F-6589-4170-A6E7-D197B4CC9A2B}.Debug|x64.ActiveCfg = Debug|Any CPU
		{410F546F-6589-4170-A6E7-D197B4CC9A2B}.Debug|x64.Build.0 = Debug|Any CPU
		{410F546F-6589-4170-A6E7-D197B4CC9A2B}.Debug|x86.ActiveCfg = Debug|Any CPU
		{410F546F-6589-4170-A6E7-D197B4CC9A2B}.Debug|x86.Build.0 = Debug|Any CPU
		{410F546F-6589-4170-A6E7-D197B4CC9A2B}.Release|Any CPU.ActiveCfg = Release|Any CPU
		{410F546F-6589-4170-A6E7-D197B4CC9A2B}.Release|Any CPU.Build.0 = Release|Any CPU
		{410F546F-6589-4170-A6E7-D197B4CC9A2B}.Release|x64.ActiveCfg = Release|Any CPU
		{410F546F-6589-4170-A6E7-D197B4CC9A2B}.Release|x64.Build.0 = Release|Any CPU
		{410F546F-6589-4170-A6E7-D197B4CC9A2B}.Release|x86.ActiveCfg = Release|Any CPU
		{410F546F-6589-4170-A6E7-D197B4CC9A2B}.Release|x86.Build.0 = Release|Any CPU
		{689D9B42-EBF7-4A68-91BB-258EC56F3C3C}.Debug|Any CPU.ActiveCfg = Debug|Any CPU
		{689D9B42-EBF7-4A68-91BB-258EC56F3C3C}.Debug|Any CPU.Build.0 = Debug|Any CPU
		{689D9B42-EBF7-4A68-91BB-258EC56F3C3C}.Debug|x64.ActiveCfg = Debug|Any CPU
		{689D9B42-EBF7-4A68-91BB-258EC56F3C3C}.Debug|x64.Build.0 = Debug|Any CPU
		{689D9B42-EBF7-4A68-91BB-258EC56F3C3C}.Debug|x86.ActiveCfg = Debug|Any CPU
		{689D9B42-EBF7-4A68-91BB-258EC56F3C3C}.Debug|x86.Build.0 = Debug|Any CPU
		{689D9B42-EBF7-4A68-91BB-258EC56F3C3C}.Release|Any CPU.ActiveCfg = Release|Any CPU
		{689D9B42-EBF7-4A68-91BB-258EC56F3C3C}.Release|Any CPU.Build.0 = Release|Any CPU
		{689D9B42-EBF7-4A68-91BB-258EC56F3C3C}.Release|x64.ActiveCfg = Release|Any CPU
		{689D9B42-EBF7-4A68-91BB-258EC56F3C3C}.Release|x64.Build.0 = Release|Any CPU
		{689D9B42-EBF7-4A68-91BB-258EC56F3C3C}.Release|x86.ActiveCfg = Release|Any CPU
		{689D9B42-EBF7-4A68-91BB-258EC56F3C3C}.Release|x86.Build.0 = Release|Any CPU
		{D2A31799-2232-4DEE-B322-E104CE666123}.Debug|Any CPU.ActiveCfg = Debug|Any CPU
		{D2A31799-2232-4DEE-B322-E104CE666123}.Debug|Any CPU.Build.0 = Debug|Any CPU
		{D2A31799-2232-4DEE-B322-E104CE666123}.Debug|x64.ActiveCfg = Debug|Any CPU
		{D2A31799-2232-4DEE-B322-E104CE666123}.Debug|x64.Build.0 = Debug|Any CPU
		{D2A31799-2232-4DEE-B322-E104CE666123}.Debug|x86.ActiveCfg = Debug|Any CPU
		{D2A31799-2232-4DEE-B322-E104CE666123}.Debug|x86.Build.0 = Debug|Any CPU
		{D2A31799-2232-4DEE-B322-E104CE666123}.Release|Any CPU.ActiveCfg = Release|Any CPU
		{D2A31799-2232-4DEE-B322-E104CE666123}.Release|Any CPU.Build.0 = Release|Any CPU
		{D2A31799-2232-4DEE-B322-E104CE666123}.Release|x64.ActiveCfg = Release|Any CPU
		{D2A31799-2232-4DEE-B322-E104CE666123}.Release|x64.Build.0 = Release|Any CPU
		{D2A31799-2232-4DEE-B322-E104CE666123}.Release|x86.ActiveCfg = Release|Any CPU
		{D2A31799-2232-4DEE-B322-E104CE666123}.Release|x86.Build.0 = Release|Any CPU
		{60667949-BE97-4FFC-80AF-A5D31DCAF5FB}.Debug|Any CPU.ActiveCfg = Debug|Any CPU
		{60667949-BE97-4FFC-80AF-A5D31DCAF5FB}.Debug|Any CPU.Build.0 = Debug|Any CPU
		{60667949-BE97-4FFC-80AF-A5D31DCAF5FB}.Debug|x64.ActiveCfg = Debug|Any CPU
		{60667949-BE97-4FFC-80AF-A5D31DCAF5FB}.Debug|x64.Build.0 = Debug|Any CPU
		{60667949-BE97-4FFC-80AF-A5D31DCAF5FB}.Debug|x86.ActiveCfg = Debug|Any CPU
		{60667949-BE97-4FFC-80AF-A5D31DCAF5FB}.Debug|x86.Build.0 = Debug|Any CPU
		{60667949-BE97-4FFC-80AF-A5D31DCAF5FB}.Release|Any CPU.ActiveCfg = Release|Any CPU
		{60667949-BE97-4FFC-80AF-A5D31DCAF5FB}.Release|Any CPU.Build.0 = Release|Any CPU
		{60667949-BE97-4FFC-80AF-A5D31DCAF5FB}.Release|x64.ActiveCfg = Release|Any CPU
		{60667949-BE97-4FFC-80AF-A5D31DCAF5FB}.Release|x64.Build.0 = Release|Any CPU
		{60667949-BE97-4FFC-80AF-A5D31DCAF5FB}.Release|x86.ActiveCfg = Release|Any CPU
		{60667949-BE97-4FFC-80AF-A5D31DCAF5FB}.Release|x86.Build.0 = Release|Any CPU
	EndGlobalSection
	GlobalSection(SolutionProperties) = preSolution
		HideSolutionNode = FALSE
	EndGlobalSection
	GlobalSection(NestedProjects) = preSolution
		{7FCE3B4F-C367-462D-9117-A70E6DFB1170} = {21E6D55D-17E8-C898-0740-65C7A958953A}
		{410F546F-6589-4170-A6E7-D197B4CC9A2B} = {21E6D55D-17E8-C898-0740-65C7A958953A}
		{689D9B42-EBF7-4A68-91BB-258EC56F3C3C} = {21E6D55D-17E8-C898-0740-65C7A958953A}
		{D2A31799-2232-4DEE-B322-E104CE666123} = {21E6D55D-17E8-C898-0740-65C7A958953A}
		{60667949-BE97-4FFC-80AF-A5D31DCAF5FB} = {21E6D55D-17E8-C898-0740-65C7A958953A}
	EndGlobalSection
	GlobalSection(ExtensibilityGlobals) = postSolution
		SolutionGuid = {64CB115A-E2A3-4249-B047-F846A991D8CD}
	EndGlobalSection
EndGlobal
